
Microsoft Visual Studio Solution File, Format Version 12.00
# Visual Studio 15
VisualStudioVersion = 15.0.28307.168
MinimumVisualStudioVersion = 10.0.40219.1
Project("{FAE04EC0-301F-11D3-BF4B-00C04F79EFBC}") = "PanelRFCleaner", "PanelRFCleaner\PanelRFCleaner.csproj", "{0E150B4B-9C63-41BD-9E20-1940E9D7A227}"
EndProject
Global
	GlobalSection(SolutionConfigurationPlatforms) = preSolution
		Debug|Any CPU = Debug|Any CPU
		Release|Any CPU = Release|Any CPU
	EndGlobalSection
	GlobalSection(ProjectConfigurationPlatforms) = postSolution
		{0E150B4B-9C63-41BD-9E20-1940E9D7A227}.Debug|Any CPU.ActiveCfg = Debug|Any CPU
		{0E150B4B-9C63-41BD-9E20-1940E9D7A227}.Debug|Any CPU.Build.0 = Debug|Any CPU
		{0E150B4B-9C63-41BD-9E20-1940E9D7A227}.Release|Any CPU.ActiveCfg = Release|Any CPU
		{0E150B4B-9C63-41BD-9E20-1940E9D7A227}.Release|Any CPU.Build.0 = Release|Any CPU
	EndGlobalSection
	GlobalSection(SolutionProperties) = preSolution
		HideSolutionNode = FALSE
	EndGlobalSection
	GlobalSection(ExtensibilityGlobals) = postSolution
		SolutionGuid = {5F7AD764-03FB-4EC6-93AA-C9B2844BB235}
	EndGlobalSection
EndGlobal
